
Microsoft Visual Studio Solution File, Format Version 12.00
# Visual Studio 2013
VisualStudioVersion = 12.0.31101.0
MinimumVisualStudioVersion = 10.0.40219.1
Project("{FAE04EC0-301F-11D3-BF4B-00C04F79EFBC}") = "MyChat.Server.WinFormsApp", "MyChatServer\MyChatServer\MyChat.Server.WinFormsApp.csproj", "{FF5A1224-AE47-4FCF-97D7-C2C7E13DEB26}"
EndProject
Project("{F088123C-0E9E-452A-89E6-6BA2F21D5CAC}") = "ServerModels", "MyChatServer\ServerModels\ServerModels.modelproj", "{95032480-4EED-43A8-8B19-C159E33119CF}"
EndProject
Project("{FAE04EC0-301F-11D3-BF4B-00C04F79EFBC}") = "MyChat.Client.WinFormsApp", "MyChatClient\MyChat\MyChat.Client.WinFormsApp.csproj", "{ECA43105-E7EA-4C9C-9027-89F33F8B95D9}"
EndProject
Project("{FAE04EC0-301F-11D3-BF4B-00C04F79EFBC}") = "MyChat.Server.Core", "MyChatServerLibrary\MyChat.Server.Core.csproj", "{937810C7-D05C-48B3-99B6-0D04957EA422}"
EndProject
Project("{FAE04EC0-301F-11D3-BF4B-00C04F79EFBC}") = "MyChat.Server.Core.Tests", "MyChatServerLibrary.Tests\MyChat.Server.Core.Tests.csproj", "{47A58EEB-A6D9-4D43-BE62-E3C4B0727D21}"
EndProject
Project("{FAE04EC0-301F-11D3-BF4B-00C04F79EFBC}") = "MyChat.Client.Tests", "MyChat.Tests\MyChat.Client.Tests.csproj", "{599DBE49-C8DC-4950-9395-CCB9F3AB8FFD}"
EndProject
Project("{FAE04EC0-301F-11D3-BF4B-00C04F79EFBC}") = "MyChat.Common", "MyChat.Common\MyChat.Common.csproj", "{B17C9414-5BCD-4B62-A1A6-CB30AB849585}"
EndProject
Project("{2150E333-8FDC-42A3-9474-1A3956D46DE8}") = ".nuget", ".nuget", "{33D34956-F705-4764-B178-B5AFDC6FB347}"
	ProjectSection(SolutionItems) = preProject
		.nuget\packages.config = .nuget\packages.config
	EndProjectSection
EndProject
Project("{FAE04EC0-301F-11D3-BF4B-00C04F79EFBC}") = "MyChat.Client.Core", "MyChat.Client.Core\MyChat.Client.Core.csproj", "{3ADD4ED4-8D9E-4C45-88D9-699BB744D829}"
EndProject
Project("{FAE04EC0-301F-11D3-BF4B-00C04F79EFBC}") = "MyChat.IntegrationTests", "MyChat.IntegrationTests\MyChat.IntegrationTests.csproj", "{E6A25CE8-10A2-4ED5-B122-BEAD6DBA854D}"
EndProject
Project("{2150E333-8FDC-42A3-9474-1A3956D46DE8}") = "Solution Items", "Solution Items", "{A7F90C9D-A021-4C03-8C06-E2744319A763}"
	ProjectSection(SolutionItems) = preProject
		Settings.StyleCop = Settings.StyleCop
	EndProjectSection
EndProject
Global
	GlobalSection(SolutionConfigurationPlatforms) = preSolution
		Debug|Any CPU = Debug|Any CPU
		Release|Any CPU = Release|Any CPU
	EndGlobalSection
	GlobalSection(ProjectConfigurationPlatforms) = postSolution
		{FF5A1224-AE47-4FCF-97D7-C2C7E13DEB26}.Debug|Any CPU.ActiveCfg = Debug|Any CPU
		{FF5A1224-AE47-4FCF-97D7-C2C7E13DEB26}.Debug|Any CPU.Build.0 = Debug|Any CPU
		{FF5A1224-AE47-4FCF-97D7-C2C7E13DEB26}.Release|Any CPU.ActiveCfg = Release|Any CPU
		{FF5A1224-AE47-4FCF-97D7-C2C7E13DEB26}.Release|Any CPU.Build.0 = Release|Any CPU
		{95032480-4EED-43A8-8B19-C159E33119CF}.Debug|Any CPU.ActiveCfg = Debug|Any CPU
		{95032480-4EED-43A8-8B19-C159E33119CF}.Debug|Any CPU.Build.0 = Debug|Any CPU
		{95032480-4EED-43A8-8B19-C159E33119CF}.Release|Any CPU.ActiveCfg = Release|Any CPU
		{95032480-4EED-43A8-8B19-C159E33119CF}.Release|Any CPU.Build.0 = Release|Any CPU
		{ECA43105-E7EA-4C9C-9027-89F33F8B95D9}.Debug|Any CPU.ActiveCfg = Debug|Any CPU
		{ECA43105-E7EA-4C9C-9027-89F33F8B95D9}.Debug|Any CPU.Build.0 = Debug|Any CPU
		{ECA43105-E7EA-4C9C-9027-89F33F8B95D9}.Release|Any CPU.ActiveCfg = Release|Any CPU
		{ECA43105-E7EA-4C9C-9027-89F33F8B95D9}.Release|Any CPU.Build.0 = Release|Any CPU
		{937810C7-D05C-48B3-99B6-0D04957EA422}.Debug|Any CPU.ActiveCfg = Debug|Any CPU
		{937810C7-D05C-48B3-99B6-0D04957EA422}.Debug|Any CPU.Build.0 = Debug|Any CPU
		{937810C7-D05C-48B3-99B6-0D04957EA422}.Release|Any CPU.ActiveCfg = Release|Any CPU
		{937810C7-D05C-48B3-99B6-0D04957EA422}.Release|Any CPU.Build.0 = Release|Any CPU
		{47A58EEB-A6D9-4D43-BE62-E3C4B0727D21}.Debug|Any CPU.ActiveCfg = Debug|Any CPU
		{47A58EEB-A6D9-4D43-BE62-E3C4B0727D21}.Debug|Any CPU.Build.0 = Debug|Any CPU
		{47A58EEB-A6D9-4D43-BE62-E3C4B0727D21}.Release|Any CPU.ActiveCfg = Release|Any CPU
		{47A58EEB-A6D9-4D43-BE62-E3C4B0727D21}.Release|Any CPU.Build.0 = Release|Any CPU
		{599DBE49-C8DC-4950-9395-CCB9F3AB8FFD}.Debug|Any CPU.ActiveCfg = Debug|Any CPU
		{599DBE49-C8DC-4950-9395-CCB9F3AB8FFD}.Debug|Any CPU.Build.0 = Debug|Any CPU
		{599DBE49-C8DC-4950-9395-CCB9F3AB8FFD}.Release|Any CPU.ActiveCfg = Release|Any CPU
		{599DBE49-C8DC-4950-9395-CCB9F3AB8FFD}.Release|Any CPU.Build.0 = Release|Any CPU
		{B17C9414-5BCD-4B62-A1A6-CB30AB849585}.Debug|Any CPU.ActiveCfg = Debug|Any CPU
		{B17C9414-5BCD-4B62-A1A6-CB30AB849585}.Debug|Any CPU.Build.0 = Debug|Any CPU
		{B17C9414-5BCD-4B62-A1A6-CB30AB849585}.Release|Any CPU.ActiveCfg = Release|Any CPU
		{B17C9414-5BCD-4B62-A1A6-CB30AB849585}.Release|Any CPU.Build.0 = Release|Any CPU
		{3ADD4ED4-8D9E-4C45-88D9-699BB744D829}.Debug|Any CPU.ActiveCfg = Debug|Any CPU
		{3ADD4ED4-8D9E-4C45-88D9-699BB744D829}.Debug|Any CPU.Build.0 = Debug|Any CPU
		{3ADD4ED4-8D9E-4C45-88D9-699BB744D829}.Release|Any CPU.ActiveCfg = Release|Any CPU
		{3ADD4ED4-8D9E-4C45-88D9-699BB744D829}.Release|Any CPU.Build.0 = Release|Any CPU
		{E6A25CE8-10A2-4ED5-B122-BEAD6DBA854D}.Debug|Any CPU.ActiveCfg = Debug|Any CPU
		{E6A25CE8-10A2-4ED5-B122-BEAD6DBA854D}.Debug|Any CPU.Build.0 = Debug|Any CPU
		{E6A25CE8-10A2-4ED5-B122-BEAD6DBA854D}.Release|Any CPU.ActiveCfg = Release|Any CPU
		{E6A25CE8-10A2-4ED5-B122-BEAD6DBA854D}.Release|Any CPU.Build.0 = Release|Any CPU
	EndGlobalSection
	GlobalSection(SolutionProperties) = preSolution
		HideSolutionNode = FALSE
	EndGlobalSection
EndGlobal
