
Microsoft Visual Studio Solution File, Format Version 12.00
# Visual Studio 2012
Project("{FAE04EC0-301F-11D3-BF4B-00C04F79EFBC}") = "MyChatServer", "MyChatServer\MyChatServer\MyChatServer.csproj", "{FF5A1224-AE47-4FCF-97D7-C2C7E13DEB26}"
EndProject
Project("{FAE04EC0-301F-11D3-BF4B-00C04F79EFBC}") = "MyChatServerLibrary", "MyChatServerLibrary\MyChatServerLibrary.csproj", "{937810C7-D05C-48B3-99B6-0D04957EA422}"
EndProject
Project("{2150E333-8FDC-42A3-9474-1A3956D46DE8}") = ".nuget", ".nuget", "{82DE38EC-6F39-46A4-8919-F1F84A043F1F}"
	ProjectSection(SolutionItems) = preProject
		.nuget\NuGet.Config = .nuget\NuGet.Config
		.nuget\NuGet.exe = .nuget\NuGet.exe
		.nuget\NuGet.targets = .nuget\NuGet.targets
	EndProjectSection
EndProject
Project("{F088123C-0E9E-452A-89E6-6BA2F21D5CAC}") = "ServerModels", "MyChatServer\ServerModels\ServerModels.modelproj", "{95032480-4EED-43A8-8B19-C159E33119CF}"
EndProject
Project("{FAE04EC0-301F-11D3-BF4B-00C04F79EFBC}") = "MyChatServerLibrary.Tests", "MyChatServerLibrary.Tests\MyChatServerLibrary.Tests.csproj", "{47A58EEB-A6D9-4D43-BE62-E3C4B0727D21}"
EndProject
Global
	GlobalSection(SolutionConfigurationPlatforms) = preSolution
		Debug|Any CPU = Debug|Any CPU
		Release|Any CPU = Release|Any CPU
	EndGlobalSection
	GlobalSection(ProjectConfigurationPlatforms) = postSolution
		{FF5A1224-AE47-4FCF-97D7-C2C7E13DEB26}.Debug|Any CPU.ActiveCfg = Debug|Any CPU
		{FF5A1224-AE47-4FCF-97D7-C2C7E13DEB26}.Debug|Any CPU.Build.0 = Debug|Any CPU
		{FF5A1224-AE47-4FCF-97D7-C2C7E13DEB26}.Release|Any CPU.ActiveCfg = Release|Any CPU
		{FF5A1224-AE47-4FCF-97D7-C2C7E13DEB26}.Release|Any CPU.Build.0 = Release|Any CPU
		{937810C7-D05C-48B3-99B6-0D04957EA422}.Debug|Any CPU.ActiveCfg = Debug|Any CPU
		{937810C7-D05C-48B3-99B6-0D04957EA422}.Debug|Any CPU.Build.0 = Debug|Any CPU
		{937810C7-D05C-48B3-99B6-0D04957EA422}.Release|Any CPU.ActiveCfg = Release|Any CPU
		{937810C7-D05C-48B3-99B6-0D04957EA422}.Release|Any CPU.Build.0 = Release|Any CPU
		{95032480-4EED-43A8-8B19-C159E33119CF}.Debug|Any CPU.ActiveCfg = Debug|Any CPU
		{95032480-4EED-43A8-8B19-C159E33119CF}.Debug|Any CPU.Build.0 = Debug|Any CPU
		{95032480-4EED-43A8-8B19-C159E33119CF}.Release|Any CPU.ActiveCfg = Release|Any CPU
		{47A58EEB-A6D9-4D43-BE62-E3C4B0727D21}.Debug|Any CPU.ActiveCfg = Debug|Any CPU
		{47A58EEB-A6D9-4D43-BE62-E3C4B0727D21}.Debug|Any CPU.Build.0 = Debug|Any CPU
		{47A58EEB-A6D9-4D43-BE62-E3C4B0727D21}.Release|Any CPU.ActiveCfg = Release|Any CPU
		{47A58EEB-A6D9-4D43-BE62-E3C4B0727D21}.Release|Any CPU.Build.0 = Release|Any CPU
	EndGlobalSection
	GlobalSection(SolutionProperties) = preSolution
		HideSolutionNode = FALSE
	EndGlobalSection
EndGlobal
